Microsoft Visual Studio Solution File, Format Version 8.00
Project("{8BC9CEB8-8B4A-11D0-8D11-00A0C91BC942}") = "MeshImportOgre", "MeshImportOgre.vcproj", "{95616A0F-1651-8B98-68B7-3678C9EA5ACB}"
	ProjectSection(ProjectDependencies) = postProject
	EndProjectSection
EndProject
Global
	GlobalSection(SolutionConfiguration) = preSolution
		debug = debug
		release = release
	EndGlobalSection
	GlobalSection(ProjectConfiguration) = postSolution
		{95616A0F-1651-8B98-68B7-3678C9EA5ACB}.debug.ActiveCfg = debug|x64
		{95616A0F-1651-8B98-68B7-3678C9EA5ACB}.debug.Build.0 = debug|x64
		{95616A0F-1651-8B98-68B7-3678C9EA5ACB}.release.ActiveCfg = release|x64
		{95616A0F-1651-8B98-68B7-3678C9EA5ACB}.release.Build.0 = release|x64
	EndGlobalSection
	GlobalSection(ExtensibilityGlobals) = postSolution
	EndGlobalSection
	GlobalSection(ExtensibilityAddins) = postSolution
	EndGlobalSection
EndGlobal
