Microsoft Visual Studio Solution File, Format Version 8.00
Project("{8BC9CEB8-8B4A-11D0-8D11-00A0C91BC942}") = "MeshImportPSK", "MeshImportPSK.vcproj", "{F65A6A6D-8257-C5DA-9620-9730FA78E23E}"
	ProjectSection(ProjectDependencies) = postProject
	EndProjectSection
EndProject
Global
	GlobalSection(SolutionConfiguration) = preSolution
		debug = debug
		release = release
	EndGlobalSection
	GlobalSection(ProjectConfiguration) = postSolution
		{F65A6A6D-8257-C5DA-9620-9730FA78E23E}.debug.ActiveCfg = debug|x64
		{F65A6A6D-8257-C5DA-9620-9730FA78E23E}.debug.Build.0 = debug|x64
		{F65A6A6D-8257-C5DA-9620-9730FA78E23E}.release.ActiveCfg = release|x64
		{F65A6A6D-8257-C5DA-9620-9730FA78E23E}.release.Build.0 = release|x64
	EndGlobalSection
	GlobalSection(ExtensibilityGlobals) = postSolution
	EndGlobalSection
	GlobalSection(ExtensibilityAddins) = postSolution
	EndGlobalSection
EndGlobal
