Microsoft Visual Studio Solution File, Format Version 8.00
Project("{8BC9CEB8-8B4A-11D0-8D11-00A0C91BC942}") = "TestMeshImport", "TestMeshImport.vcproj", "{A85E2B6C-9384-D0C8-0E10-F2C8F1D2CB30}"
	ProjectSection(ProjectDependencies) = postProject
		{082FBBBD-9532-5712-DF18-A054AE91C0F0} = {082FBBBD-9532-5712-DF18-A054AE91C0F0}
		{3454184B-5C28-0EE8-A994-F7B09BF0879C} = {3454184B-5C28-0EE8-A994-F7B09BF0879C}
		{285507B1-ED5C-5646-8C30-665A8583D9F8} = {285507B1-ED5C-5646-8C30-665A8583D9F8}
		{439FE316-A384-B433-12BF-A4CA1BF47F37} = {439FE316-A384-B433-12BF-A4CA1BF47F37}
		{23550C12-8028-7C24-92CC-C9BAD660CFD0} = {23550C12-8028-7C24-92CC-C9BAD660CFD0}
		{365282D5-8212-907C-DC34-15FF964683A6} = {365282D5-8212-907C-DC34-15FF964683A6}
		{757D17B6-103C-9414-9113-D8122C7B8A33} = {757D17B6-103C-9414-9113-D8122C7B8A33}
		{95616A0F-1651-8B98-68B7-3678C9EA5ACB} = {95616A0F-1651-8B98-68B7-3678C9EA5ACB}
	EndProjectSection
EndProject
Project("{8BC9CEB8-8B4A-11D0-8D11-00A0C91BC942}") = "MeshImport", ".\/../vc7/MeshImport.vcproj", "{082FBBBD-9532-5712-DF18-A054AE91C0F0}"
	ProjectSection(ProjectDependencies) = postProject
	EndProjectSection
EndProject
Project("{8BC9CEB8-8B4A-11D0-8D11-00A0C91BC942}") = "MeshImportEzm", ".\/../vc7/MeshImportEzm.vcproj", "{3454184B-5C28-0EE8-A994-F7B09BF0879C}"
	ProjectSection(ProjectDependencies) = postProject
	EndProjectSection
EndProject
Project("{8BC9CEB8-8B4A-11D0-8D11-00A0C91BC942}") = "MeshImportFbx", ".\/../vc7/MeshImportFbx.vcproj", "{285507B1-ED5C-5646-8C30-665A8583D9F8}"
	ProjectSection(ProjectDependencies) = postProject
	EndProjectSection
EndProject
Project("{8BC9CEB8-8B4A-11D0-8D11-00A0C91BC942}") = "MeshImportLeveller", ".\/../vc7/MeshImportLeveller.vcproj", "{439FE316-A384-B433-12BF-A4CA1BF47F37}"
	ProjectSection(ProjectDependencies) = postProject
	EndProjectSection
EndProject
Project("{8BC9CEB8-8B4A-11D0-8D11-00A0C91BC942}") = "MeshImportObj", ".\/../vc7/MeshImportObj.vcproj", "{23550C12-8028-7C24-92CC-C9BAD660CFD0}"
	ProjectSection(ProjectDependencies) = postProject
	EndProjectSection
EndProject
Project("{8BC9CEB8-8B4A-11D0-8D11-00A0C91BC942}") = "MeshImportPsk", ".\/../vc7/MeshImportPsk.vcproj", "{365282D5-8212-907C-DC34-15FF964683A6}"
	ProjectSection(ProjectDependencies) = postProject
	EndProjectSection
EndProject
Project("{8BC9CEB8-8B4A-11D0-8D11-00A0C91BC942}") = "MeshImportAssimp", ".\/../vc7/MeshImportAssimp.vcproj", "{757D17B6-103C-9414-9113-D8122C7B8A33}"
	ProjectSection(ProjectDependencies) = postProject
	EndProjectSection
EndProject
Project("{8BC9CEB8-8B4A-11D0-8D11-00A0C91BC942}") = "MeshImportOgre", ".\/../vc7/MeshImportOgre.vcproj", "{95616A0F-1651-8B98-68B7-3678C9EA5ACB}"
	ProjectSection(ProjectDependencies) = postProject
	EndProjectSection
EndProject
Global
GlobalSection(SourceCodeControl) = preSolution
  SccNumberOfProjects = 2
  SccLocalPath0 = .
  SccProjectUniqueName0 = debug.vcproj
  SccLocalPath1 = .
  SccProjectUniqueName1 = release.vcproj
  SccLocalPath2 = .
  EndGlobalSection
	GlobalSection(SolutionConfiguration) = preSolution
		debug = debug
		release = release
	EndGlobalSection
	GlobalSection(ProjectConfiguration) = postSolution
		{A85E2B6C-9384-D0C8-0E10-F2C8F1D2CB30}.debug.ActiveCfg = debug|Win32
		{A85E2B6C-9384-D0C8-0E10-F2C8F1D2CB30}.debug.Build.0 = debug|Win32
		{A85E2B6C-9384-D0C8-0E10-F2C8F1D2CB30}.release.ActiveCfg = release|Win32
		{A85E2B6C-9384-D0C8-0E10-F2C8F1D2CB30}.release.Build.0 = release|Win32
		{082FBBBD-9532-5712-DF18-A054AE91C0F0}.debug.ActiveCfg = debug|Win32
		{082FBBBD-9532-5712-DF18-A054AE91C0F0}.debug.Build.0 = debug|Win32
		{082FBBBD-9532-5712-DF18-A054AE91C0F0}.release.ActiveCfg = release|Win32
		{082FBBBD-9532-5712-DF18-A054AE91C0F0}.release.Build.0 = release|Win32
		{3454184B-5C28-0EE8-A994-F7B09BF0879C}.debug.ActiveCfg = debug|Win32
		{3454184B-5C28-0EE8-A994-F7B09BF0879C}.debug.Build.0 = debug|Win32
		{3454184B-5C28-0EE8-A994-F7B09BF0879C}.release.ActiveCfg = release|Win32
		{3454184B-5C28-0EE8-A994-F7B09BF0879C}.release.Build.0 = release|Win32
		{285507B1-ED5C-5646-8C30-665A8583D9F8}.debug.ActiveCfg = debug|Win32
		{285507B1-ED5C-5646-8C30-665A8583D9F8}.debug.Build.0 = debug|Win32
		{285507B1-ED5C-5646-8C30-665A8583D9F8}.release.ActiveCfg = release|Win32
		{285507B1-ED5C-5646-8C30-665A8583D9F8}.release.Build.0 = release|Win32
		{439FE316-A384-B433-12BF-A4CA1BF47F37}.debug.ActiveCfg = debug|Win32
		{439FE316-A384-B433-12BF-A4CA1BF47F37}.debug.Build.0 = debug|Win32
		{439FE316-A384-B433-12BF-A4CA1BF47F37}.release.ActiveCfg = release|Win32
		{439FE316-A384-B433-12BF-A4CA1BF47F37}.release.Build.0 = release|Win32
		{23550C12-8028-7C24-92CC-C9BAD660CFD0}.debug.ActiveCfg = debug|Win32
		{23550C12-8028-7C24-92CC-C9BAD660CFD0}.debug.Build.0 = debug|Win32
		{23550C12-8028-7C24-92CC-C9BAD660CFD0}.release.ActiveCfg = release|Win32
		{23550C12-8028-7C24-92CC-C9BAD660CFD0}.release.Build.0 = release|Win32
		{365282D5-8212-907C-DC34-15FF964683A6}.debug.ActiveCfg = debug|Win32
		{365282D5-8212-907C-DC34-15FF964683A6}.debug.Build.0 = debug|Win32
		{365282D5-8212-907C-DC34-15FF964683A6}.release.ActiveCfg = release|Win32
		{365282D5-8212-907C-DC34-15FF964683A6}.release.Build.0 = release|Win32
		{757D17B6-103C-9414-9113-D8122C7B8A33}.debug.ActiveCfg = debug|Win32
		{757D17B6-103C-9414-9113-D8122C7B8A33}.debug.Build.0 = debug|Win32
		{757D17B6-103C-9414-9113-D8122C7B8A33}.release.ActiveCfg = release|Win32
		{757D17B6-103C-9414-9113-D8122C7B8A33}.release.Build.0 = release|Win32
		{95616A0F-1651-8B98-68B7-3678C9EA5ACB}.debug.ActiveCfg = debug|Win32
		{95616A0F-1651-8B98-68B7-3678C9EA5ACB}.debug.Build.0 = debug|Win32
		{95616A0F-1651-8B98-68B7-3678C9EA5ACB}.release.ActiveCfg = release|Win32
		{95616A0F-1651-8B98-68B7-3678C9EA5ACB}.release.Build.0 = release|Win32
	EndGlobalSection
	GlobalSection(ExtensibilityGlobals) = postSolution
	EndGlobalSection
	GlobalSection(ExtensibilityAddins) = postSolution
	EndGlobalSection
GlobalSection(SolutionProperties) = preSolution
  HideSolutionNode = FALSE
  EndGlobalSection
EndGlobal
