Microsoft Visual Studio Solution File, Format Version 8.00
Project("{8BC9CEB8-8B4A-11D0-8D11-00A0C91BC942}") = "MeshConvert", "MeshConvert.vcproj", "{6E37CFC1-CCA2-832E-A166-9103C14A8FFA}"
	ProjectSection(ProjectDependencies) = postProject
		{082FBBBD-9532-5712-DF18-A054AE91C0F0} = {082FBBBD-9532-5712-DF18-A054AE91C0F0}
		{3454184B-5C28-0EE8-A994-F7B09BF0879C} = {3454184B-5C28-0EE8-A994-F7B09BF0879C}
		{23550C12-8028-7C24-92CC-C9BAD660CFD0} = {23550C12-8028-7C24-92CC-C9BAD660CFD0}
		{95616A0F-1651-8B98-68B7-3678C9EA5ACB} = {95616A0F-1651-8B98-68B7-3678C9EA5ACB}
		{285507B1-ED5C-5646-8C30-665A8583D9F8} = {285507B1-ED5C-5646-8C30-665A8583D9F8}
		{E85D2B0E-76C2-504F-66B0-102E6DDB0798} = {E85D2B0E-76C2-504F-66B0-102E6DDB0798}
	EndProjectSection
EndProject
Project("{8BC9CEB8-8B4A-11D0-8D11-00A0C91BC942}") = "MeshImport", ".\/../vc7win32/MeshImport.vcproj", "{082FBBBD-9532-5712-DF18-A054AE91C0F0}"
	ProjectSection(ProjectDependencies) = postProject
	EndProjectSection
EndProject
Project("{8BC9CEB8-8B4A-11D0-8D11-00A0C91BC942}") = "MeshImportPSK", ".\/../vc7win32/MeshImportPSK.vcproj", "{F65A6A6D-8257-C5DA-9620-9730FA78E23E}"
	ProjectSection(ProjectDependencies) = postProject
	EndProjectSection
EndProject
Project("{8BC9CEB8-8B4A-11D0-8D11-00A0C91BC942}") = "MeshImportEzm", ".\/../vc7win32/MeshImportEzm.vcproj", "{3454184B-5C28-0EE8-A994-F7B09BF0879C}"
	ProjectSection(ProjectDependencies) = postProject
	EndProjectSection
EndProject
Project("{8BC9CEB8-8B4A-11D0-8D11-00A0C91BC942}") = "MeshImportObj", ".\/../vc7win32/MeshImportObj.vcproj", "{23550C12-8028-7C24-92CC-C9BAD660CFD0}"
	ProjectSection(ProjectDependencies) = postProject
	EndProjectSection
EndProject
Project("{8BC9CEB8-8B4A-11D0-8D11-00A0C91BC942}") = "MeshImportARM", ".\/../vc7win32/MeshImportARM.vcproj", "{E85D2B0E-76C2-504F-66B0-102E6DDB0798}"
	ProjectSection(ProjectDependencies) = postProject
	EndProjectSection
EndProject
Project("{8BC9CEB8-8B4A-11D0-8D11-00A0C91BC942}") = "MeshImportFbx", ".\/../vc7win32/MeshImportFbx.vcproj", "{285507B1-ED5C-5646-8C30-665A8583D9F8}"
	ProjectSection(ProjectDependencies) = postProject
	EndProjectSection
EndProject
Project("{8BC9CEB8-8B4A-11D0-8D11-00A0C91BC942}") = "MeshImportOgre", ".\/../vc7win32/MeshImportOgre.vcproj", "{95616A0F-1651-8B98-68B7-3678C9EA5ACB}"
	ProjectSection(ProjectDependencies) = postProject
	EndProjectSection
EndProject
Global
	GlobalSection(SolutionConfiguration) = preSolution
		debug = debug
		release = release
	EndGlobalSection
	GlobalSection(ProjectConfiguration) = postSolution
		{6E37CFC1-CCA2-832E-A166-9103C14A8FFA}.debug.ActiveCfg = debug|Win32
		{6E37CFC1-CCA2-832E-A166-9103C14A8FFA}.debug.Build.0 = debug|Win32
		{6E37CFC1-CCA2-832E-A166-9103C14A8FFA}.release.ActiveCfg = release|Win32
		{6E37CFC1-CCA2-832E-A166-9103C14A8FFA}.release.Build.0 = release|Win32
		{082FBBBD-9532-5712-DF18-A054AE91C0F0}.debug.ActiveCfg = debug|Win32
		{082FBBBD-9532-5712-DF18-A054AE91C0F0}.debug.Build.0 = debug|Win32
		{082FBBBD-9532-5712-DF18-A054AE91C0F0}.release.ActiveCfg = release|Win32
		{082FBBBD-9532-5712-DF18-A054AE91C0F0}.release.Build.0 = release|Win32
		{F65A6A6D-8257-C5DA-9620-9730FA78E23E}.debug.ActiveCfg = debug|Win32
		{F65A6A6D-8257-C5DA-9620-9730FA78E23E}.debug.Build.0 = debug|Win32
		{F65A6A6D-8257-C5DA-9620-9730FA78E23E}.release.ActiveCfg = release|Win32
		{F65A6A6D-8257-C5DA-9620-9730FA78E23E}.release.Build.0 = release|Win32
		{3454184B-5C28-0EE8-A994-F7B09BF0879C}.debug.ActiveCfg = debug|Win32
		{3454184B-5C28-0EE8-A994-F7B09BF0879C}.debug.Build.0 = debug|Win32
		{3454184B-5C28-0EE8-A994-F7B09BF0879C}.release.ActiveCfg = release|Win32
		{3454184B-5C28-0EE8-A994-F7B09BF0879C}.release.Build.0 = release|Win32
		{23550C12-8028-7C24-92CC-C9BAD660CFD0}.debug.ActiveCfg = debug|Win32
		{23550C12-8028-7C24-92CC-C9BAD660CFD0}.debug.Build.0 = debug|Win32
		{23550C12-8028-7C24-92CC-C9BAD660CFD0}.release.ActiveCfg = release|Win32
		{23550C12-8028-7C24-92CC-C9BAD660CFD0}.release.Build.0 = release|Win32
		{E85D2B0E-76C2-504F-66B0-102E6DDB0798}.debug.ActiveCfg = debug|Win32
		{E85D2B0E-76C2-504F-66B0-102E6DDB0798}.debug.Build.0 = debug|Win32
		{E85D2B0E-76C2-504F-66B0-102E6DDB0798}.release.ActiveCfg = release|Win32
		{E85D2B0E-76C2-504F-66B0-102E6DDB0798}.release.Build.0 = release|Win32
		{285507B1-ED5C-5646-8C30-665A8583D9F8}.debug.ActiveCfg = debug|Win32
		{285507B1-ED5C-5646-8C30-665A8583D9F8}.debug.Build.0 = debug|Win32
		{285507B1-ED5C-5646-8C30-665A8583D9F8}.release.ActiveCfg = release|Win32
		{285507B1-ED5C-5646-8C30-665A8583D9F8}.release.Build.0 = release|Win32
		{95616A0F-1651-8B98-68B7-3678C9EA5ACB}.debug.ActiveCfg = debug|Win32
		{95616A0F-1651-8B98-68B7-3678C9EA5ACB}.debug.Build.0 = debug|Win32
		{95616A0F-1651-8B98-68B7-3678C9EA5ACB}.release.ActiveCfg = release|Win32
		{95616A0F-1651-8B98-68B7-3678C9EA5ACB}.release.Build.0 = release|Win32
	EndGlobalSection
	GlobalSection(ExtensibilityGlobals) = postSolution
	EndGlobalSection
	GlobalSection(ExtensibilityAddins) = postSolution
	EndGlobalSection
EndGlobal
